hash: 5282853949166e6c8f2e45400ffe9af4340a2bf898edd37becdeb80f8a38c6bb
updated: 2018-03-15T16:28:42.283370555+02:00
imports:
- name: github.com/fogleman/gg
  version: c97f757e6f0e106e5a46fce504d49f4ce8f7e7e5
- name: github.com/go-gl/gl
  version: eafa86a81d9705ff0b4ab163d26fe74da80e0559
  subpackages:
  - v2.1/gl
- name: github.com/go-gl/glfw
  version: 513e4f2bf85c31fba0fc4907abd7895242ccbe50
  subpackages:
  - v3.2/glfw
- name: github.com/golang/freetype
  version: e2365dfdc4a05e4b8299a783240d4a7d5a65d4e4
  subpackages:
  - raster
  - truetype
- name: github.com/google/gxui
  version: f85e0a97b3a4aafc65be1b86d962a8734cd27bf9
  subpackages:
  - drivers/gl
  - drivers/gl/platform
  - gxfont
  - interval
  - math
  - mixins
  - mixins/base
  - mixins/outer
  - mixins/parts
  - samples/flags
  - themes/basic
  - themes/dark
  - themes/light
- name: github.com/gopherjs/gopherjs
  version: 768621c88e5863c06866644f3a8b439755193148
  subpackages:
  - js
- name: github.com/goxjs/gl
  version: dc8f4a9a3c9c14027d8813c5bd11ecd934370216
- name: github.com/goxjs/glfw
  version: 7dec05603e063fb88a9e0b2aa404ae840b9e911c
- name: github.com/jroimartin/gocui
  version: 4f518eddb04b8f73870836b6d1941e8aa3c06637
- name: github.com/mattn/go-runewidth
  version: a9d6d1e4dc51df2130326793d49971f238839169
- name: github.com/nsf/termbox-go
  version: e2050e41c8847748ec5288741c0b19a8cb26d084
- name: golang.org/x/image
  version: f3a9b89b59def9194717c1d0bd4c0d08fa1afa7b
  subpackages:
  - draw
  - font
  - font/basicfont
  - math/f64
  - math/fixed
- name: honnef.co/go/js/dom
  version: 662b7b8f3412aba33480fc334a39340f90aafdb2
testImports: []
