hash: 989c861cdc260252b627aacf5a1bbf57b178e249ce37372ab0a80c0ebf7dcc43
updated: 2018-03-15T12:44:32.810283865+02:00
imports:
- name: github.com/fogleman/gg
  version: c97f757e6f0e106e5a46fce504d49f4ce8f7e7e5
- name: github.com/golang/freetype
  version: e2365dfdc4a05e4b8299a783240d4a7d5a65d4e4
  subpackages:
  - raster
  - truetype
- name: github.com/jroimartin/gocui
  version: 4f518eddb04b8f73870836b6d1941e8aa3c06637
- name: github.com/mattn/go-gtk
  version: 5a311a1830abecc430a6a598b24094f69d907e96
  subpackages:
  - gdk
  - gdkpixbuf
  - gio
  - glib
  - gtk
  - pango
- name: github.com/mattn/go-pointer
  version: 1d30dc4b6f28271a3bd126071d4d0363e618415b
- name: github.com/mattn/go-runewidth
  version: a9d6d1e4dc51df2130326793d49971f238839169
- name: github.com/nsf/termbox-go
  version: e2050e41c8847748ec5288741c0b19a8cb26d084
- name: golang.org/x/image
  version: f3a9b89b59def9194717c1d0bd4c0d08fa1afa7b
  subpackages:
  - draw
  - font
  - font/basicfont
  - math/f64
  - math/fixed
testImports: []
