github.com/fogleman/gg v1.0.1-0.20180308184255-c97f757e6f0e h1:Uxa5iXmaagOoIOkp9/OjjfFfSljeMMImZsOyfycUTQE=
github.com/fogleman/gg v1.0.1-0.20180308184255-c97f757e6f0e/go.mod h1:R/bRT+9gY/C5z7JzPU0zXsXHKM4/ayA+zqcVNZzPa1k=
github.com/go-gl/gl v0.0.0-20180304232605-eafa86a81d97 h1:On2uwhieavUE0HwIBON6O04M9nxOA7swLzkj2RtUkpU=
github.com/go-gl/gl v0.0.0-20180304232605-eafa86a81d97/go.mod h1:482civXOzJJCPzJ4ZOX/pwvXBWSnzD4OKMdH4ClKGbk=
github.com/go-gl/glfw v0.0.0-20170814180746-513e4f2bf85c h1:1zCo3Fa2xy/b0b4A3U9M000k1V3JPJhLaCki4eaLfhQ=
github.com/go-gl/glfw v0.0.0-20170814180746-513e4f2bf85c/go.mod h1:vR7hzQXu2zJy9AVAgeJqvqgH9Q5CA+iKCZ2gyEVpxRU=
github.com/golang/freetype v0.0.0-20170609003504-e2365dfdc4a0 h1:DACJavvAHhabrF08vX0COfcOBJRhZ8lUbR+ZWIs0Y5g=
github.com/golang/freetype v0.0.0-20170609003504-e2365dfdc4a0/go.mod h1:E/TSTwGwJL78qG/PmXZO1EjYhfJinVAhrmmHX6Z8B9k=
github.com/google/gxui v0.0.0-20151028112939-f85e0a97b3a4 h1:OL2d27ueTKnlQJoqLW2fc9pWYulFnJYLWzomGV7HqZo=
github.com/google/gxui v0.0.0-20151028112939-f85e0a97b3a4/go.mod h1:Pw1H1OjSNHiqeuxAduB1BKYXIwFtsyrY47nEqSgEiCM=
github.com/gopherjs/gopherjs v0.0.0-20180314020201-768621c88e58/go.mod h1:wJfORRmW1u3UXTncJ5qlYoELFm8eSnnEO6hX4iZ3EWY=
github.com/goxjs/gl v0.0.0-20171128034433-dc8f4a9a3c9c h1:naEGFd9BJuTM/1m2lP07Bl9O7O6Jqe+bUplBfAwdygg=
github.com/goxjs/gl v0.0.0-20171128034433-dc8f4a9a3c9c/go.mod h1:dy/f2gjY09hwVfIyATps4G2ai7/hLwLkc5TrPqONuXY=
github.com/goxjs/glfw v0.0.0-20171018044755-7dec05603e06 h1:6jKIS84Kj8pXaqte+73xLvaT+OGt0+fs+TbFczltZP0=
github.com/goxjs/glfw v0.0.0-20171018044755-7dec05603e06/go.mod h1:oS8P8gVOT4ywTcjV6wZlOU4GuVFQ8F5328KY3MJ79CY=
github.com/jroimartin/gocui v0.3.1-0.20170827195011-4f518eddb04b h1:oXDIgfbS+8ScemPBkP9aedVduRryQvoz6U7mlfh4zhs=
github.com/jroimartin/gocui v0.3.1-0.20170827195011-4f518eddb04b/go.mod h1:7i7bbj99OgFHzo7kB2zPb8pXLqMBSQegY7azfqXMkyY=
github.com/mattn/go-runewidth v0.0.3-0.20180304235428-a9d6d1e4dc51 h1:73DyaxlfqHF9FQireGHkut6r7OuuA0jTVjS9N0vwktI=
github.com/mattn/go-runewidth v0.0.3-0.20180304235428-a9d6d1e4dc51/go.mod h1:LwmH8dsx7+W8Uxz3IHJYH5QSwggIsqBzpuz5H//U1FU=
github.com/nsf/termbox-go v0.0.0-20180303152453-e2050e41c884 h1:fcs71SMqqDhUD+PbpIv9xf3EH9F9s6HfiLwr6jKm1VA=
github.com/nsf/termbox-go v0.0.0-20180303152453-e2050e41c884/go.mod h1:IuKpRQcYE1Tfu+oAQqaLisqDeXgjyyltCfsaoYN18NQ=
golang.org/x/image v0.0.0-20180314180248-f3a9b89b59de h1:moc8EjTGZXlnKJcoDZDWCDV1Vn3Zt/MZDpIRmIs7qt0=
golang.org/x/image v0.0.0-20180314180248-f3a9b89b59de/go.mod h1:ux5Hcp/YLpHSI86hEcLt0YII63i6oz57MZXIpbrjZUs=
honnef.co/go/js/dom v0.0.0-20180307180539-662b7b8f3412/go.mod h1:sUMDUKNB2ZcVjt92UnLy3cdGs+wDAcrPdV3JP6sVgA4=
