# This file is autogenerated, do not edit; changes may be undone by the next 'dep ensure'.


[[projects]]
  name = "github.com/fogleman/gg"
  packages = ["."]
  revision = "c97f757e6f0e106e5a46fce504d49f4ce8f7e7e5"

[[projects]]
  name = "github.com/go-gl/gl"
  packages = ["v2.1/gl"]
  revision = "eafa86a81d9705ff0b4ab163d26fe74da80e0559"

[[projects]]
  name = "github.com/go-gl/glfw"
  packages = ["v3.2/glfw"]
  revision = "513e4f2bf85c31fba0fc4907abd7895242ccbe50"

[[projects]]
  branch = "master"
  name = "github.com/golang/freetype"
  packages = [
    "raster",
    "truetype"
  ]
  revision = "e2365dfdc4a05e4b8299a783240d4a7d5a65d4e4"

[[projects]]
  branch = "master"
  name = "github.com/google/gxui"
  packages = [
    ".",
    "drivers/gl",
    "drivers/gl/platform",
    "gxfont",
    "interval",
    "math",
    "mixins",
    "mixins/base",
    "mixins/outer",
    "mixins/parts",
    "samples/flags",
    "themes/basic",
    "themes/dark",
    "themes/light"
  ]
  revision = "f85e0a97b3a4aafc65be1b86d962a8734cd27bf9"

[[projects]]
  name = "github.com/gopherjs/gopherjs"
  packages = ["js"]
  revision = "768621c88e5863c06866644f3a8b439755193148"

[[projects]]
  branch = "master"
  name = "github.com/goxjs/gl"
  packages = ["."]
  revision = "dc8f4a9a3c9c14027d8813c5bd11ecd934370216"

[[projects]]
  branch = "master"
  name = "github.com/goxjs/glfw"
  packages = ["."]
  revision = "7dec05603e063fb88a9e0b2aa404ae840b9e911c"

[[projects]]
  name = "github.com/jroimartin/gocui"
  packages = ["."]
  revision = "4f518eddb04b8f73870836b6d1941e8aa3c06637"

[[projects]]
  name = "github.com/mattn/go-runewidth"
  packages = ["."]
  revision = "a9d6d1e4dc51df2130326793d49971f238839169"

[[projects]]
  name = "github.com/nsf/termbox-go"
  packages = ["."]
  revision = "e2050e41c8847748ec5288741c0b19a8cb26d084"

[[projects]]
  name = "golang.org/x/image"
  packages = [
    "draw",
    "font",
    "font/basicfont",
    "font/plan9font",
    "math/f64",
    "math/fixed"
  ]
  revision = "f3a9b89b59def9194717c1d0bd4c0d08fa1afa7b"

[[projects]]
  name = "honnef.co/go/js/dom"
  packages = ["."]
  revision = "662b7b8f3412aba33480fc334a39340f90aafdb2"

[solve-meta]
  analyzer-name = "dep"
  analyzer-version = 1
  inputs-digest = "aa5dabf06a2a54872f5c255809a774177bd53f574e3dbb1e3c315b015e2acee2"
  solver-name = "gps-cdcl"
  solver-version = 1
